// !$*UTF8*$!
{
	archiveVersion = 1;
	classes = {
	};
	objectVersion = 56;
	objects = {

/* Begin PBXBuildFile section */
		634990BC2AB5700B00D4E339 /* AppDelegate.swift in Sources */ = {isa = PBXBuildFile; fileRef = 634990BB2AB5700B00D4E339 /* AppDelegate.swift */; };
		634990BE2AB5700B00D4E339 /* SceneDelegate.swift in Sources */ = {isa = PBXBuildFile; fileRef = 634990BD2AB5700B00D4E339 /* SceneDelegate.swift */; };
		634990C02AB5700B00D4E339 /* TabbarViewController.swift in Sources */ = {isa = PBXBuildFile; fileRef = 634990BF2AB5700B00D4E339 /* TabbarViewController.swift */; };
		634990C32AB5700B00D4E339 /* Main.storyboard in Resources */ = {isa = PBXBuildFile; fileRef = 634990C12AB5700B00D4E339 /* Main.storyboard */; };
		634990C62AB5700B00D4E339 /* CoreDataMemoApp.xcdatamodeld in Sources */ = {isa = PBXBuildFile; fileRef = 634990C42AB5700B00D4E339 /* CoreDataMemoApp.xcdatamodeld */; };
		634990C82AB5700C00D4E339 /* Assets.xcassets in Resources */ = {isa = PBXBuildFile; fileRef = 634990C72AB5700C00D4E339 /* Assets.xcassets */; };
		634990CB2AB5700C00D4E339 /* LaunchScreen.storyboard in Resources */ = {isa = PBXBuildFile; fileRef = 634990C92AB5700C00D4E339 /* LaunchScreen.storyboard */; };
		63BB6BFD2AB5744C007BE767 /* MainViewController.swift in Sources */ = {isa = PBXBuildFile; fileRef = 63BB6BFC2AB5744C007BE767 /* MainViewController.swift */; };
		63BB6BFF2AB5749D007BE767 /* MyProfileViewController.swift in Sources */ = {isa = PBXBuildFile; fileRef = 63BB6BFE2AB5749D007BE767 /* MyProfileViewController.swift */; };
		63BB6C022AB575CC007BE767 /* Constant.swift in Sources */ = {isa = PBXBuildFile; fileRef = 63BB6C012AB575CC007BE767 /* Constant.swift */; };
		63BB6C042AB577B9007BE767 /* Extension+Button.swift in Sources */ = {isa = PBXBuildFile; fileRef = 63BB6C032AB577B9007BE767 /* Extension+Button.swift */; };
		63BB6C062AB577D7007BE767 /* Extension+Label.swift in Sources */ = {isa = PBXBuildFile; fileRef = 63BB6C052AB577D7007BE767 /* Extension+Label.swift */; };
		63E973E62AB570E600382FAB /* .gitignore in Resources */ = {isa = PBXBuildFile; fileRef = 63E973E52AB570E600382FAB /* .gitignore */; };
/* End PBXBuildFile section */

/* Begin PBXFileReference section */
		634990B82AB5700B00D4E339 /* CoreDataMemoApp.app */ = {isa = PBXFileReference; explicitFileType = wrapper.application; includeInIndex = 0; path = CoreDataMemoApp.app; sourceTree = BUILT_PRODUCTS_DIR; };
		634990BB2AB5700B00D4E339 /* AppDelegate.swift */ = {isa = PBXFileReference; lastKnownFileType = sourcecode.swift; path = AppDelegate.swift; sourceTree = "<group>"; };
		634990BD2AB5700B00D4E339 /* SceneDelegate.swift */ = {isa = PBXFileReference; lastKnownFileType = sourcecode.swift; path = SceneDelegate.swift; sourceTree = "<group>"; };
		634990BF2AB5700B00D4E339 /* TabbarViewController.swift */ = {isa = PBXFileReference; lastKnownFileType = sourcecode.swift; path = TabbarViewController.swift; sourceTree = "<group>"; };
		634990C22AB5700B00D4E339 /* Base */ = {isa = PBXFileReference; lastKnownFileType = file.storyboard; name = Base; path = Base.lproj/Main.storyboard; sourceTree = "<group>"; };
		634990C52AB5700B00D4E339 /* CoreDataMemoApp.xcdatamodel */ = {isa = PBXFileReference; lastKnownFileType = wrapper.xcdatamodel; path = CoreDataMemoApp.xcdatamodel; sourceTree = "<group>"; };
		634990C72AB5700C00D4E339 /* Assets.xcassets */ = {isa = PBXFileReference; lastKnownFileType = folder.assetcatalog; path = Assets.xcassets; sourceTree = "<group>"; };
		634990CA2AB5700C00D4E339 /* Base */ = {isa = PBXFileReference; lastKnownFileType = file.storyboard; name = Base; path = Base.lproj/LaunchScreen.storyboard; sourceTree = "<group>"; };
		634990CC2AB5700C00D4E339 /* Info.plist */ = {isa = PBXFileReference; lastKnownFileType = text.plist.xml; path = Info.plist; sourceTree = "<group>"; };
		63BB6BFC2AB5744C007BE767 /* MainViewController.swift */ = {isa = PBXFileReference; lastKnownFileType = sourcecode.swift; path = MainViewController.swift; sourceTree = "<group>"; };
		63BB6BFE2AB5749D007BE767 /* MyProfileViewController.swift */ = {isa = PBXFileReference; lastKnownFileType = sourcecode.swift; path = MyProfileViewController.swift; sourceTree = "<group>"; };
		63BB6C012AB575CC007BE767 /* Constant.swift */ = {isa = PBXFileReference; lastKnownFileType = sourcecode.swift; path = Constant.swift; sourceTree = "<group>"; };
		63BB6C032AB577B9007BE767 /* Extension+Button.swift */ = {isa = PBXFileReference; lastKnownFileType = sourcecode.swift; path = "Extension+Button.swift"; sourceTree = "<group>"; };
		63BB6C052AB577D7007BE767 /* Extension+Label.swift */ = {isa = PBXFileReference; lastKnownFileType = sourcecode.swift; path = "Extension+Label.swift"; sourceTree = "<group>"; };
		63E973E52AB570E600382FAB /* .gitignore */ = {isa = PBXFileReference; lastKnownFileType = text; path = .gitignore; sourceTree = "<group>"; };
/* End PBXFileReference section */

/* Begin PBXFrameworksBuildPhase section */
		634990B52AB5700B00D4E339 /* Frameworks */ = {
			isa = PBXFrameworksBuildPhase;
			buildActionMask = 2147483647;
			files = (
			);
			runOnlyForDeploymentPostprocessing = 0;
		};
/* End PBXFrameworksBuildPhase section */

/* Begin PBXGroup section */
		634990AF2AB5700B00D4E339 = {
			isa = PBXGroup;
			children = (
				63E973E52AB570E600382FAB /* .gitignore */,
				634990BA2AB5700B00D4E339 /* CoreDataMemoApp */,
				634990B92AB5700B00D4E339 /* Products */,
			);
			sourceTree = "<group>";
		};
		634990B92AB5700B00D4E339 /* Products */ = {
			isa = PBXGroup;
			children = (
				634990B82AB5700B00D4E339 /* CoreDataMemoApp.app */,
			);
			name = Products;
			sourceTree = "<group>";
		};
		634990BA2AB5700B00D4E339 /* CoreDataMemoApp */ = {
			isa = PBXGroup;
			children = (
				63BB6BF72AB5725A007BE767 /* Applications */,
				63BB6C002AB575B0007BE767 /* Helpers */,
				63BB6BFB2AB572BA007BE767 /* Extensions */,
				63BB6BFA2AB5728D007BE767 /* Managers */,
				63BB6BF62AB57252007BE767 /* Models */,
				63BB6BF82AB57263007BE767 /* Views */,
				63BB6BF92AB5726B007BE767 /* Controllers */,
				634990C72AB5700C00D4E339 /* Assets.xcassets */,
				634990C92AB5700C00D4E339 /* LaunchScreen.storyboard */,
				634990CC2AB5700C00D4E339 /* Info.plist */,
				634990C42AB5700B00D4E339 /* CoreDataMemoApp.xcdatamodeld */,
			);
			path = CoreDataMemoApp;
			sourceTree = "<group>";
		};
		63BB6BF62AB57252007BE767 /* Models */ = {
			isa = PBXGroup;
			children = (
			);
			path = Models;
			sourceTree = "<group>";
		};
		63BB6BF72AB5725A007BE767 /* Applications */ = {
			isa = PBXGroup;
			children = (
				634990BB2AB5700B00D4E339 /* AppDelegate.swift */,
				634990BD2AB5700B00D4E339 /* SceneDelegate.swift */,
			);
			path = Applications;
			sourceTree = "<group>";
		};
		63BB6BF82AB57263007BE767 /* Views */ = {
			isa = PBXGroup;
			children = (
				634990C12AB5700B00D4E339 /* Main.storyboard */,
			);
			path = Views;
			sourceTree = "<group>";
		};
		63BB6BF92AB5726B007BE767 /* Controllers */ = {
			isa = PBXGroup;
			children = (
				634990BF2AB5700B00D4E339 /* TabbarViewController.swift */,
				63BB6BFC2AB5744C007BE767 /* MainViewController.swift */,
				63BB6BFE2AB5749D007BE767 /* MyProfileViewController.swift */,
			);
			path = Controllers;
			sourceTree = "<group>";
		};
		63BB6BFA2AB5728D007BE767 /* Managers */ = {
			isa = PBXGroup;
			children = (
			);
			path = Managers;
			sourceTree = "<group>";
		};
		63BB6BFB2AB572BA007BE767 /* Extensions */ = {
			isa = PBXGroup;
			children = (
				63BB6C032AB577B9007BE767 /* Extension+Button.swift */,
				63BB6C052AB577D7007BE767 /* Extension+Label.swift */,
			);
			path = Extensions;
			sourceTree = "<group>";
		};
		63BB6C002AB575B0007BE767 /* Helpers */ = {
			isa = PBXGroup;
			children = (
				63BB6C012AB575CC007BE767 /* Constant.swift */,
			);
			path = Helpers;
			sourceTree = "<group>";
		};
/* End PBXGroup section */

/* Begin PBXNativeTarget section */
		634990B72AB5700B00D4E339 /* CoreDataMemoApp */ = {
			isa = PBXNativeTarget;
			buildConfigurationList = 634990CF2AB5700C00D4E339 /* Build configuration list for PBXNativeTarget "CoreDataMemoApp" */;
			buildPhases = (
				634990B42AB5700B00D4E339 /* Sources */,
				634990B52AB5700B00D4E339 /* Frameworks */,
				634990B62AB5700B00D4E339 /* Resources */,
			);
			buildRules = (
			);
			dependencies = (
			);
			name = CoreDataMemoApp;
			productName = CoreDataMemoApp;
			productReference = 634990B82AB5700B00D4E339 /* CoreDataMemoApp.app */;
			productType = "com.apple.product-type.application";
		};
/* End PBXNativeTarget section */

/* Begin PBXProject section */
		634990B02AB5700B00D4E339 /* Project object */ = {
			isa = PBXProject;
			attributes = {
				BuildIndependentTargetsInParallel = 1;
				LastSwiftUpdateCheck = 1430;
				LastUpgradeCheck = 1430;
				TargetAttributes = {
					634990B72AB5700B00D4E339 = {
						CreatedOnToolsVersion = 14.3.1;
					};
				};
			};
			buildConfigurationList = 634990B32AB5700B00D4E339 /* Build configuration list for PBXProject "CoreDataMemoApp" */;
			compatibilityVersion = "Xcode 14.0";
			developmentRegion = en;
			hasScannedForEncodings = 0;
			knownRegions = (
				en,
				Base,
			);
			mainGroup = 634990AF2AB5700B00D4E339;
			productRefGroup = 634990B92AB5700B00D4E339 /* Products */;
			projectDirPath = "";
			projectRoot = "";
			targets = (
				634990B72AB5700B00D4E339 /* CoreDataMemoApp */,
			);
		};
/* End PBXProject section */

/* Begin PBXResourcesBuildPhase section */
		634990B62AB5700B00D4E339 /* Resources */ = {
			isa = PBXResourcesBuildPhase;
			buildActionMask = 2147483647;
			files = (
				63E973E62AB570E600382FAB /* .gitignore in Resources */,
				634990CB2AB5700C00D4E339 /* LaunchScreen.storyboard in Resources */,
				634990C82AB5700C00D4E339 /* Assets.xcassets in Resources */,
				634990C32AB5700B00D4E339 /* Main.storyboard in Resources */,
			);
			runOnlyForDeploymentPostprocessing = 0;
		};
/* End PBXResourcesBuildPhase section */

/* Begin PBXSourcesBuildPhase section */
		634990B42AB5700B00D4E339 /* Sources */ = {
			isa = PBXSourcesBuildPhase;
			buildActionMask = 2147483647;
			files = (
				63BB6C022AB575CC007BE767 /* Constant.swift in Sources */,
				63BB6C062AB577D7007BE767 /* Extension+Label.swift in Sources */,
				63BB6BFF2AB5749D007BE767 /* MyProfileViewController.swift in Sources */,
				634990C02AB5700B00D4E339 /* TabbarViewController.swift in Sources */,
				634990BC2AB5700B00D4E339 /* AppDelegate.swift in Sources */,
				634990C62AB5700B00D4E339 /* CoreDataMemoApp.xcdatamodeld in Sources */,
				63BB6C042AB577B9007BE767 /* Extension+Button.swift in Sources */,
				634990BE2AB5700B00D4E339 /* SceneDelegate.swift in Sources */,
				63BB6BFD2AB5744C007BE767 /* MainViewController.swift in Sources */,
			);
			runOnlyForDeploymentPostprocessing = 0;
		};
/* End PBXSourcesBuildPhase section */

/* Begin PBXVariantGroup section */
		634990C12AB5700B00D4E339 /* Main.storyboard */ = {
			isa = PBXVariantGroup;
			children = (
				634990C22AB5700B00D4E339 /* Base */,
			);
			name = Main.storyboard;
			sourceTree = "<group>";
		};
		634990C92AB5700C00D4E339 /* LaunchScreen.storyboard */ = {
			isa = PBXVariantGroup;
			children = (
				634990CA2AB5700C00D4E339 /* Base */,
			);
			name = LaunchScreen.storyboard;
			sourceTree = "<group>";
		};
/* End PBXVariantGroup section */

/* Begin XCBuildConfiguration section */
		634990CD2AB5700C00D4E339 /* Debug */ = {
			isa = XCBuildConfiguration;
			buildSettings = {
				ALWAYS_SEARCH_USER_PATHS = NO;
				CLANG_ANALYZER_NONNULL = YES;
				CLANG_ANALYZER_NUMBER_OBJECT_CONVERSION = YES_AGGRESSIVE;
				CLANG_CXX_LANGUAGE_STANDARD = "gnu++20";
				CLANG_ENABLE_MODULES = YES;
				CLANG_ENABLE_OBJC_ARC = YES;
				CLANG_ENABLE_OBJC_WEAK = YES;
				CLANG_WARN_BLOCK_CAPTURE_AUTORELEASING = YES;
				CLANG_WARN_BOOL_CONVERSION = YES;
				CLANG_WARN_COMMA = YES;
				CLANG_WARN_CONSTANT_CONVERSION = YES;
				CLANG_WARN_DEPRECATED_OBJC_IMPLEMENTATIONS = YES;
				CLANG_WARN_DIRECT_OBJC_ISA_USAGE = YES_ERROR;
				CLANG_WARN_DOCUMENTATION_COMMENTS = YES;
				CLANG_WARN_EMPTY_BODY = YES;
				CLANG_WARN_ENUM_CONVERSION = YES;
				CLANG_WARN_INFINITE_RECURSION = YES;
				CLANG_WARN_INT_CONVERSION = YES;
				CLANG_WARN_NON_LITERAL_NULL_CONVERSION = YES;
				CLANG_WARN_OBJC_IMPLICIT_RETAIN_SELF = YES;
				CLANG_WARN_OBJC_LITERAL_CONVERSION = YES;
				CLANG_WARN_OBJC_ROOT_CLASS = YES_ERROR;
				CLANG_WARN_QUOTED_INCLUDE_IN_FRAMEWORK_HEADER = YES;
				CLANG_WARN_RANGE_LOOP_ANALYSIS = YES;
				CLANG_WARN_STRICT_PROTOTYPES = YES;
				CLANG_WARN_SUSPICIOUS_MOVE = YES;
				CLANG_WARN_UNGUARDED_AVAILABILITY = YES_AGGRESSIVE;
				CLANG_WARN_UNREACHABLE_CODE = YES;
				CLANG_WARN__DUPLICATE_METHOD_MATCH = YES;
				COPY_PHASE_STRIP = NO;
				DEBUG_INFORMATION_FORMAT = dwarf;
				ENABLE_STRICT_OBJC_MSGSEND = YES;
				ENABLE_TESTABILITY = YES;
				GCC_C_LANGUAGE_STANDARD = gnu11;
				GCC_DYNAMIC_NO_PIC = NO;
				GCC_NO_COMMON_BLOCKS = YES;
				GCC_OPTIMIZATION_LEVEL = 0;
				GCC_PREPROCESSOR_DEFINITIONS = (
					"DEBUG=1",
					"$(inherited)",
				);
				GCC_WARN_64_TO_32_BIT_CONVERSION = YES;
				GCC_WARN_ABOUT_RETURN_TYPE = YES_ERROR;
				GCC_WARN_UNDECLARED_SELECTOR = YES;
				GCC_WARN_UNINITIALIZED_AUTOS = YES_AGGRESSIVE;
				GCC_WARN_UNUSED_FUNCTION = YES;
				GCC_WARN_UNUSED_VARIABLE = YES;
				IPHONEOS_DEPLOYMENT_TARGET = 16.4;
				MTL_ENABLE_DEBUG_INFO = INCLUDE_SOURCE;
				MTL_FAST_MATH = YES;
				ONLY_ACTIVE_ARCH = YES;
				SDKROOT = iphoneos;
				SWIFT_ACTIVE_COMPILATION_CONDITIONS = DEBUG;
				SWIFT_OPTIMIZATION_LEVEL = "-Onone";
			};
			name = Debug;
		};
		634990CE2AB5700C00D4E339 /* Release */ = {
			isa = XCBuildConfiguration;
			buildSettings = {
				ALWAYS_SEARCH_USER_PATHS = NO;
				CLANG_ANALYZER_NONNULL = YES;
				CLANG_ANALYZER_NUMBER_OBJECT_CONVERSION = YES_AGGRESSIVE;
				CLANG_CXX_LANGUAGE_STANDARD = "gnu++20";
				CLANG_ENABLE_MODULES = YES;
				CLANG_ENABLE_OBJC_ARC = YES;
				CLANG_ENABLE_OBJC_WEAK = YES;
				CLANG_WARN_BLOCK_CAPTURE_AUTORELEASING = YES;
				CLANG_WARN_BOOL_CONVERSION = YES;
				CLANG_WARN_COMMA = YES;
				CLANG_WARN_CONSTANT_CONVERSION = YES;
				CLANG_WARN_DEPRECATED_OBJC_IMPLEMENTATIONS = YES;
				CLANG_WARN_DIRECT_OBJC_ISA_USAGE = YES_ERROR;
				CLANG_WARN_DOCUMENTATION_COMMENTS = YES;
				CLANG_WARN_EMPTY_BODY = YES;
				CLANG_WARN_ENUM_CONVERSION = YES;
				CLANG_WARN_INFINITE_RECURSION = YES;
				CLANG_WARN_INT_CONVERSION = YES;
				CLANG_WARN_NON_LITERAL_NULL_CONVERSION = YES;
				CLANG_WARN_OBJC_IMPLICIT_RETAIN_SELF = YES;
				CLANG_WARN_OBJC_LITERAL_CONVERSION = YES;
				CLANG_WARN_OBJC_ROOT_CLASS = YES_ERROR;
				CLANG_WARN_QUOTED_INCLUDE_IN_FRAMEWORK_HEADER = YES;
				CLANG_WARN_RANGE_LOOP_ANALYSIS = YES;
				CLANG_WARN_STRICT_PROTOTYPES = YES;
				CLANG_WARN_SUSPICIOUS_MOVE = YES;
				CLANG_WARN_UNGUARDED_AVAILABILITY = YES_AGGRESSIVE;
				CLANG_WARN_UNREACHABLE_CODE = YES;
				CLANG_WARN__DUPLICATE_METHOD_MATCH = YES;
				COPY_PHASE_STRIP = NO;
				DEBUG_INFORMATION_FORMAT = "dwarf-with-dsym";
				ENABLE_NS_ASSERTIONS = NO;
				ENABLE_STRICT_OBJC_MSGSEND = YES;
				GCC_C_LANGUAGE_STANDARD = gnu11;
				GCC_NO_COMMON_BLOCKS = YES;
				GCC_WARN_64_TO_32_BIT_CONVERSION = YES;
				GCC_WARN_ABOUT_RETURN_TYPE = YES_ERROR;
				GCC_WARN_UNDECLARED_SELECTOR = YES;
				GCC_WARN_UNINITIALIZED_AUTOS = YES_AGGRESSIVE;
				GCC_WARN_UNUSED_FUNCTION = YES;
				GCC_WARN_UNUSED_VARIABLE = YES;
				IPHONEOS_DEPLOYMENT_TARGET = 16.4;
				MTL_ENABLE_DEBUG_INFO = NO;
				MTL_FAST_MATH = YES;
				SDKROOT = iphoneos;
				SWIFT_COMPILATION_MODE = wholemodule;
				SWIFT_OPTIMIZATION_LEVEL = "-O";
				VALIDATE_PRODUCT = YES;
			};
			name = Release;
		};
		634990D02AB5700C00D4E339 /* Debug */ = {
			isa = XCBuildConfiguration;
			buildSettings = {
				ASSETCATALOG_COMPILER_APPICON_NAME = AppIcon;
				ASSETCATALOG_COMPILER_GLOBAL_ACCENT_COLOR_NAME = AccentColor;
				CODE_SIGN_STYLE = Automatic;
				CURRENT_PROJECT_VERSION = 1;
				GENERATE_INFOPLIST_FILE = YES;
				INFOPLIST_FILE = CoreDataMemoApp/Info.plist;
				INFOPLIST_KEY_UIApplicationSupportsIndirectInputEvents = YES;
				INFOPLIST_KEY_UILaunchStoryboardName = LaunchScreen;
				INFOPLIST_KEY_UIMainStoryboardFile = Main;
				INFOPLIST_KEY_UISupportedInterfaceOrientations_iPad = "UIInterfaceOrientationPortrait UIInterfaceOrientationPortraitUpsideDown UIInterfaceOrientationLandscapeLeft UIInterfaceOrientationLandscapeRight";
				INFOPLIST_KEY_UISupportedInterfaceOrientations_iPhone = "UIInterfaceOrientationPortrait UIInterfaceOrientationLandscapeLeft UIInterfaceOrientationLandscapeRight";
				IPHONEOS_DEPLOYMENT_TARGET = 15.0;
				LD_RUNPATH_SEARCH_PATHS = (
					"$(inherited)",
					"@executable_path/Frameworks",
				);
				MARKETING_VERSION = 1.0;
				PRODUCT_BUNDLE_IDENTIFIER = com.sseongwon.CoreDataMemoApp;
				PRODUCT_NAME = "$(TARGET_NAME)";
				SUPPORTED_PLATFORMS = "iphoneos iphonesimulator";
				SUPPORTS_MACCATALYST = NO;
				SUPPORTS_MAC_DESIGNED_FOR_IPHONE_IPAD = NO;
				SWIFT_EMIT_LOC_STRINGS = YES;
				SWIFT_VERSION = 5.0;
				TARGETED_DEVICE_FAMILY = 1;
			};
			name = Debug;
		};
		634990D12AB5700C00D4E339 /* Release */ = {
			isa = XCBuildConfiguration;
			buildSettings = {
				ASSETCATALOG_COMPILER_APPICON_NAME = AppIcon;
				ASSETCATALOG_COMPILER_GLOBAL_ACCENT_COLOR_NAME = AccentColor;
				CODE_SIGN_STYLE = Automatic;
				CURRENT_PROJECT_VERSION = 1;
				GENERATE_INFOPLIST_FILE = YES;
				INFOPLIST_FILE = CoreDataMemoApp/Info.plist;
				INFOPLIST_KEY_UIApplicationSupportsIndirectInputEvents = YES;
				INFOPLIST_KEY_UILaunchStoryboardName = LaunchScreen;
				INFOPLIST_KEY_UIMainStoryboardFile = Main;
				INFOPLIST_KEY_UISupportedInterfaceOrientations_iPad = "UIInterfaceOrientationPortrait UIInterfaceOrientationPortraitUpsideDown UIInterfaceOrientationLandscapeLeft UIInterfaceOrientationLandscapeRight";
				INFOPLIST_KEY_UISupportedInterfaceOrientations_iPhone = "UIInterfaceOrientationPortrait UIInterfaceOrientationLandscapeLeft UIInterfaceOrientationLandscapeRight";
				IPHONEOS_DEPLOYMENT_TARGET = 15.0;
				LD_RUNPATH_SEARCH_PATHS = (
					"$(inherited)",
					"@executable_path/Frameworks",
				);
				MARKETING_VERSION = 1.0;
				PRODUCT_BUNDLE_IDENTIFIER = com.sseongwon.CoreDataMemoApp;
				PRODUCT_NAME = "$(TARGET_NAME)";
				SUPPORTED_PLATFORMS = "iphoneos iphonesimulator";
				SUPPORTS_MACCATALYST = NO;
				SUPPORTS_MAC_DESIGNED_FOR_IPHONE_IPAD = NO;
				SWIFT_EMIT_LOC_STRINGS = YES;
				SWIFT_VERSION = 5.0;
				TARGETED_DEVICE_FAMILY = 1;
			};
			name = Release;
		};
/* End XCBuildConfiguration section */

/* Begin XCConfigurationList section */
		634990B32AB5700B00D4E339 /* Build configuration list for PBXProject "CoreDataMemoApp" */ = {
			isa = XCConfigurationList;
			buildConfigurations = (
				634990CD2AB5700C00D4E339 /* Debug */,
				634990CE2AB5700C00D4E339 /* Release */,
			);
			defaultConfigurationIsVisible = 0;
			defaultConfigurationName = Release;
		};
		634990CF2AB5700C00D4E339 /* Build configuration list for PBXNativeTarget "CoreDataMemoApp" */ = {
			isa = XCConfigurationList;
			buildConfigurations = (
				634990D02AB5700C00D4E339 /* Debug */,
				634990D12AB5700C00D4E339 /* Release */,
			);
			defaultConfigurationIsVisible = 0;
			defaultConfigurationName = Release;
		};
/* End XCConfigurationList section */

/* Begin XCVersionGroup section */
		634990C42AB5700B00D4E339 /* CoreDataMemoApp.xcdatamodeld */ = {
			isa = XCVersionGroup;
			children = (
				634990C52AB5700B00D4E339 /* CoreDataMemoApp.xcdatamodel */,
			);
			currentVersion = 634990C52AB5700B00D4E339 /* CoreDataMemoApp.xcdatamodel */;
			path = CoreDataMemoApp.xcdatamodeld;
			sourceTree = "<group>";
			versionGroupType = wrapper.xcdatamodel;
		};
/* End XCVersionGroup section */
	};
	rootObject = 634990B02AB5700B00D4E339 /* Project object */;
}
